// !$*UTF8*$!
{
	archiveVersion = 1;
	classes = {
	};
	objectVersion = 46;
	objects = {

/* Begin PBXBuildFile section */
		AA1D3ACF1ADECD7600E2C7F6 /* master-impl.cpp in Sources */ = {isa = PBXBuildFile; fileRef = AA41B75B1ADECB1700B369BE /* master-impl.cpp */; };
		AA1D3AD71ADECDAF00E2C7F6 /* ftp-auth-mc.cpp in Sources */ = {isa = PBXBuildFile; fileRef = AA1D3AD21ADECDAF00E2C7F6 /* ftp-auth-mc.cpp */; };
		AA1D3AD91ADECDAF00E2C7F6 /* minecraft.cpp in Sources */ = {isa = PBXBuildFile; fileRef = AA1D3AD41ADECDAF00E2C7F6 /* minecraft.cpp */; };
		AA2F821A1AED6CE100DFBBDF /* wake-gateway.cpp in Sources */ = {isa = PBXBuildFile; fileRef = AA2F82191AED6CE100DFBBDF /* wake-gateway.cpp */; };
		AA3944011B703E1900E43364 /* common.cpp in Sources */ = {isa = PBXBuildFile; fileRef = AA41B72B1ADEC2E200B369BE /* common.cpp */; };
		AA41B72D1ADEC2E200B369BE /* common.cpp in Sources */ = {isa = PBXBuildFile; fileRef = AA41B72B1ADEC2E200B369BE /* common.cpp */; };
		AA41B72E1ADEC2E200B369BE /* common.cpp in Sources */ = {isa = PBXBuildFile; fileRef = AA41B72B1ADEC2E200B369BE /* common.cpp */; };
		AA41B72F1ADEC2E200B369BE /* common.cpp in Sources */ = {isa = PBXBuildFile; fileRef = AA41B72B1ADEC2E200B369BE /* common.cpp */; };
		AA41B7301ADEC2E200B369BE /* common.cpp in Sources */ = {isa = PBXBuildFile; fileRef = AA41B72B1ADEC2E200B369BE /* common.cpp */; };
		AA41B7311ADEC2E200B369BE /* common.cpp in Sources */ = {isa = PBXBuildFile; fileRef = AA41B72B1ADEC2E200B369BE /* common.cpp */; };
		AA41B7321ADEC2E200B369BE /* common.cpp in Sources */ = {isa = PBXBuildFile; fileRef = AA41B72B1ADEC2E200B369BE /* common.cpp */; };
		AA41B7331ADEC2E200B369BE /* common.hpp in Headers */ = {isa = PBXBuildFile; fileRef = AA41B72C1ADEC2E200B369BE /* common.hpp */; };
		AA41B7341ADEC2E200B369BE /* common.hpp in Headers */ = {isa = PBXBuildFile; fileRef = AA41B72C1ADEC2E200B369BE /* common.hpp */; };
		AA41B7381ADEC2FE00B369BE /* api.h in Headers */ = {isa = PBXBuildFile; fileRef = AA41B7351ADEC2FE00B369BE /* api.h */; };
		AA41B7391ADEC2FE00B369BE /* api.h in Headers */ = {isa = PBXBuildFile; fileRef = AA41B7351ADEC2FE00B369BE /* api.h */; };
		AA41B73F1ADEC32B00B369BE /* xifnetdyndns.cpp in Sources */ = {isa = PBXBuildFile; fileRef = AA41B73E1ADEC32B00B369BE /* xifnetdyndns.cpp */; };
		AA41B74B1ADEC34500B369BE /* log_slave.cpp in Sources */ = {isa = PBXBuildFile; fileRef = AA41B7431ADEC34500B369BE /* log_slave.cpp */; };
		AA41B74D1ADEC34500B369BE /* slave.cpp in Sources */ = {isa = PBXBuildFile; fileRef = AA41B7471ADEC34500B369BE /* slave.cpp */; };
		AA41B74E1ADEC34500B369BE /* status.cpp in Sources */ = {isa = PBXBuildFile; fileRef = AA41B7491ADEC34500B369BE /* status.cpp */; };
		AA41B74F1ADEC34500B369BE /* upnp.cpp in Sources */ = {isa = PBXBuildFile; fileRef = AA41B74A1ADEC34500B369BE /* upnp.cpp */; };
		AA41B7581ADEC7EB00B369BE /* ioslstatd.cpp in Sources */ = {isa = PBXBuildFile; fileRef = AA41B7551ADEC7EB00B369BE /* ioslstatd.cpp */; };
		AA41B75E1ADECB1700B369BE /* dyn_slaves.cpp in Sources */ = {isa = PBXBuildFile; fileRef = AA41B75A1ADECB1600B369BE /* dyn_slaves.cpp */; };
		AA41B75F1ADECB1700B369BE /* dyn_slaves.cpp in Sources */ = {isa = PBXBuildFile; fileRef = AA41B75A1ADECB1600B369BE /* dyn_slaves.cpp */; };
		AA41B7601ADECB1700B369BE /* master-impl.cpp in Sources */ = {isa = PBXBuildFile; fileRef = AA41B75B1ADECB1700B369BE /* master-impl.cpp */; };
		AA41B7611ADECB1700B369BE /* master-impl.cpp in Sources */ = {isa = PBXBuildFile; fileRef = AA41B75B1ADECB1700B369BE /* master-impl.cpp */; };
		AA41B7621ADECB1700B369BE /* wol.cpp in Sources */ = {isa = PBXBuildFile; fileRef = AA41B75D1ADECB1700B369BE /* wol.cpp */; };
		AA41B7631ADECB1700B369BE /* wol.cpp in Sources */ = {isa = PBXBuildFile; fileRef = AA41B75D1ADECB1700B369BE /* wol.cpp */; };
		AA41B7681ADECB3900B369BE /* master.cpp in Sources */ = {isa = PBXBuildFile; fileRef = AA41B7651ADECB3900B369BE /* master.cpp */; };
		AA41B76D1ADECB9B00B369BE /* minecraft-master.cpp in Sources */ = {isa = PBXBuildFile; fileRef = AA41B76A1ADECB9B00B369BE /* minecraft-master.cpp */; };
		AA41B76E1ADECBE200B369BE /* master-impl.cpp in Sources */ = {isa = PBXBuildFile; fileRef = AA41B75B1ADECB1700B369BE /* master-impl.cpp */; };
		AA4A44C91B57AADB005CBBDC /* keys.cpp in Sources */ = {isa = PBXBuildFile; fileRef = AA4A44C81B57AADB005CBBDC /* keys.cpp */; };
		AA6B99FD1AED9F1700146475 /* log.h in Headers */ = {isa = PBXBuildFile; fileRef = AA6B99FC1AED9F1700146475 /* log.h */; };
		AA6B99FE1AED9F1700146475 /* log.h in Headers */ = {isa = PBXBuildFile; fileRef = AA6B99FC1AED9F1700146475 /* log.h */; };
		AA6B99FF1AED9F1700146475 /* log.h in Headers */ = {isa = PBXBuildFile; fileRef = AA6B99FC1AED9F1700146475 /* log.h */; };
		AA8397921AE97AF4007FDF06 /* dyn_slaves.cpp in Sources */ = {isa = PBXBuildFile; fileRef = AA41B75A1ADECB1600B369BE /* dyn_slaves.cpp */; };
		AA8397941AE97AF9007FDF06 /* master-impl.cpp in Sources */ = {isa = PBXBuildFile; fileRef = AA41B75B1ADECB1700B369BE /* master-impl.cpp */; };
		AA8397961AE97B22007FDF06 /* api.h in Headers */ = {isa = PBXBuildFile; fileRef = AA41B7351ADEC2FE00B369BE /* api.h */; };
		AA8397981AE97B3D007FDF06 /* common.cpp in Sources */ = {isa = PBXBuildFile; fileRef = AA41B72B1ADEC2E200B369BE /* common.cpp */; };
		AAB9CA511B6D97F30026AF8C /* arduino_comm.h in Headers */ = {isa = PBXBuildFile; fileRef = AAB9CA501B6D97F30026AF8C /* arduino_comm.h */; };
		AAD214891AE974E30062A678 /* wol.cpp in Sources */ = {isa = PBXBuildFile; fileRef = AA41B75D1ADECB1700B369BE /* wol.cpp */; };
		AADFEA671B63F53D00163432 /* keystore.hpp in Headers */ = {isa = PBXBuildFile; fileRef = AADFEA661B63F53D00163432 /* keystore.hpp */; };
		AAF5EBB81B63F03100E445C3 /* arduino.cpp in Sources */ = {isa = PBXBuildFile; fileRef = AAF5EBAE1B63EF9100E445C3 /* arduino.cpp */; };
/* End PBXBuildFile section */

/* Begin PBXFileReference section */
		AA1045AA1B5D9A3C00E8A875 /* minecraft-master.key.tpl */ = {isa = PBXFileReference; lastKnownFileType = text; name = "minecraft-master.key.tpl"; path = "ioslaves-master-minecraft/minecraft-master.key.tpl"; sourceTree = SOURCE_ROOT; };
		AA1045AC1B5D9A6700E8A875 /* Makefile */ = {isa = PBXFileReference; lastKnownFileType = sourcecode.make; name = Makefile; path = "ioslaves-master-minecraft/Makefile"; sourceTree = SOURCE_ROOT; };
		AA1045AD1B5D9A7F00E8A875 /* Makefile */ = {isa = PBXFileReference; lastKnownFileType = sourcecode.make; path = Makefile; sourceTree = "<group>"; };
		AA129CEB1A90E83E009A2B42 /* ioslstatd */ = {isa = PBXFileReference; explicitFileType = "compiled.mach-o.executable"; includeInIndex = 0; path = ioslstatd; sourceTree = BUILT_PRODUCTS_DIR; };
		AA182FD01AF425CC007F94BD /* PKGBUILD */ = {isa = PBXFileReference; fileEncoding = 4; lastKnownFileType = text; name = PKGBUILD; path = "ioslavesd-wake-gateway/PKGBUILD"; sourceTree = "<group>"; };
		AA1D3AD11ADECD9200E2C7F6 /* minecraft.h */ = {isa = PBXFileReference; lastKnownFileType = sourcecode.c.h; name = minecraft.h; path = "common-minecraft/minecraft.h"; sourceTree = "<group>"; };
		AA1D3AD21ADECDAF00E2C7F6 /* ftp-auth-mc.cpp */ = {isa = PBXFileReference; fileEncoding = 4; lastKnownFileType = sourcecode.cpp.cpp; name = "ftp-auth-mc.cpp"; path = "ioslavesd-minecraft/ftp-auth-mc.cpp"; sourceTree = "<group>"; };
		AA1D3AD41ADECDAF00E2C7F6 /* minecraft.cpp */ = {isa = PBXFileReference; fileEncoding = 4; lastKnownFileType = sourcecode.cpp.cpp; name = minecraft.cpp; path = "ioslavesd-minecraft/minecraft.cpp"; sourceTree = "<group>"; };
		AA2333951AE06F31009433E3 /* PKGBUILD */ = {isa = PBXFileReference; lastKnownFileType = text; path = PKGBUILD; sourceTree = "<group>"; };
		AA2333971AE06F3C009433E3 /* PKGBUILD */ = {isa = PBXFileReference; lastKnownFileType = text; name = PKGBUILD; path = "ioslaves-master-minecraft/PKGBUILD"; sourceTree = SOURCE_ROOT; };
		AA2333981AE06F4A009433E3 /* PKGBUILD */ = {isa = PBXFileReference; lastKnownFileType = text; name = PKGBUILD; path = "ioslavesd-xifnetdyndns/PKGBUILD"; sourceTree = "<group>"; };
		AA2333991AE06F65009433E3 /* PKGBUILD */ = {isa = PBXFileReference; lastKnownFileType = text; name = PKGBUILD; path = "ioslavesd-minecraft/PKGBUILD"; sourceTree = "<group>"; };
		AA23339A1AE06F7A009433E3 /* PKGBUILD */ = {isa = PBXFileReference; lastKnownFileType = text; name = PKGBUILD; path = ioslavesd/PKGBUILD; sourceTree = "<group>"; };
		AA2F82191AED6CE100DFBBDF /* wake-gateway.cpp */ = {isa = PBXFileReference; fileEncoding = 4; lastKnownFileType = sourcecode.cpp.cpp; name = "wake-gateway.cpp"; path = "ioslavesd-wake-gateway/wake-gateway.cpp"; sourceTree = "<group>"; };
		AA3944021B70E37C00E43364 /* log_defimpl.h */ = {isa = PBXFileReference; lastKnownFileType = sourcecode.c.h; name = log_defimpl.h; path = common/log_defimpl.h; sourceTree = "<group>"; };
		AA41B72B1ADEC2E200B369BE /* common.cpp */ = {isa = PBXFileReference; fileEncoding = 4; lastKnownFileType = sourcecode.cpp.cpp; name = common.cpp; path = common/common.cpp; sourceTree = "<group>"; };
		AA41B72C1ADEC2E200B369BE /* common.hpp */ = {isa = PBXFileReference; fileEncoding = 4; lastKnownFileType = sourcecode.cpp.h; name = common.hpp; path = common/common.hpp; sourceTree = "<group>"; };
		AA41B7351ADEC2FE00B369BE /* api.h */ = {isa = PBXFileReference; fileEncoding = 4; lastKnownFileType = sourcecode.c.h; name = api.h; path = "common-ioslavesd/api.h"; sourceTree = "<group>"; };
		AA41B73E1ADEC32B00B369BE /* xifnetdyndns.cpp */ = {isa = PBXFileReference; fileEncoding = 4; lastKnownFileType = sourcecode.cpp.cpp; name = xifnetdyndns.cpp; path = "ioslavesd-xifnetdyndns/xifnetdyndns.cpp"; sourceTree = "<group>"; };
		AA41B7431ADEC34500B369BE /* log_slave.cpp */ = {isa = PBXFileReference; fileEncoding = 4; lastKnownFileType = sourcecode.cpp.cpp; name = log_slave.cpp; path = ioslavesd/log_slave.cpp; sourceTree = "<group>"; };
		AA41B7441ADEC34500B369BE /* main.h */ = {isa = PBXFileReference; fileEncoding = 4; lastKnownFileType = sourcecode.c.h; name = main.h; path = ioslavesd/main.h; sourceTree = "<group>"; };
		AA41B7471ADEC34500B369BE /* slave.cpp */ = {isa = PBXFileReference; fileEncoding = 4; lastKnownFileType = sourcecode.cpp.cpp; name = slave.cpp; path = ioslavesd/slave.cpp; sourceTree = "<group>"; };
		AA41B7491ADEC34500B369BE /* status.cpp */ = {isa = PBXFileReference; fileEncoding = 4; lastKnownFileType = sourcecode.cpp.cpp; name = status.cpp; path = ioslavesd/status.cpp; sourceTree = "<group>"; };
		AA41B74A1ADEC34500B369BE /* upnp.cpp */ = {isa = PBXFileReference; fileEncoding = 4; lastKnownFileType = sourcecode.cpp.cpp; name = upnp.cpp; path = ioslavesd/upnp.cpp; sourceTree = "<group>"; };
		AA41B7551ADEC7EB00B369BE /* ioslstatd.cpp */ = {isa = PBXFileReference; fileEncoding = 4; lastKnownFileType = sourcecode.cpp.cpp; path = ioslstatd.cpp; sourceTree = "<group>"; };
		AA41B7561ADEC7EB00B369BE /* Makefile */ = {isa = PBXFileReference; fileEncoding = 4; lastKnownFileType = sourcecode.make; path = Makefile; sourceTree = "<group>"; };
		AA41B7571ADEC7EB00B369BE /* PKGBUILD */ = {isa = PBXFileReference; fileEncoding = 4; lastKnownFileType = text; path = PKGBUILD; sourceTree = "<group>"; };
		AA41B75A1ADECB1600B369BE /* dyn_slaves.cpp */ = {isa = PBXFileReference; fileEncoding = 4; lastKnownFileType = sourcecode.cpp.cpp; name = dyn_slaves.cpp; path = "common-master/dyn_slaves.cpp"; sourceTree = SOURCE_ROOT; };
		AA41B75B1ADECB1700B369BE /* master-impl.cpp */ = {isa = PBXFileReference; fileEncoding = 4; lastKnownFileType = sourcecode.cpp.cpp; name = "master-impl.cpp"; path = "common-master/master-impl.cpp"; sourceTree = SOURCE_ROOT; };
		AA41B75C1ADECB1700B369BE /* master.hpp */ = {isa = PBXFileReference; fileEncoding = 4; lastKnownFileType = sourcecode.cpp.h; name = master.hpp; path = "common-master/master.hpp"; sourceTree = SOURCE_ROOT; };
		AA41B75D1ADECB1700B369BE /* wol.cpp */ = {isa = PBXFileReference; fileEncoding = 4; lastKnownFileType = sourcecode.cpp.cpp; name = wol.cpp; path = "common-master/wol.cpp"; sourceTree = SOURCE_ROOT; };
		AA41B7651ADECB3900B369BE /* master.cpp */ = {isa = PBXFileReference; fileEncoding = 4; lastKnownFileType = sourcecode.cpp.cpp; path = master.cpp; sourceTree = "<group>"; };
		AA41B76A1ADECB9B00B369BE /* minecraft-master.cpp */ = {isa = PBXFileReference; fileEncoding = 4; lastKnownFileType = sourcecode.cpp.cpp; name = "minecraft-master.cpp"; path = "ioslaves-master-minecraft/minecraft-master.cpp"; sourceTree = SOURCE_ROOT; };
		AA4A44C81B57AADB005CBBDC /* keys.cpp */ = {isa = PBXFileReference; fileEncoding = 4; lastKnownFileType = sourcecode.cpp.cpp; name = keys.cpp; path = ioslavesd/keys.cpp; sourceTree = "<group>"; };
		AA6B99FC1AED9F1700146475 /* log.h */ = {isa = PBXFileReference; fileEncoding = 4; lastKnownFileType = sourcecode.c.h; name = log.h; path = common/log.h; sourceTree = "<group>"; };
		AA7EEC49193C9221002AD7E4 /* libxifnetdyndns.dylib */ = {isa = PBXFileReference; explicitFileType = "compiled.mach-o.dylib"; includeInIndex = 0; path = libxifnetdyndns.dylib; sourceTree = BUILT_PRODUCTS_DIR; };
		AA90C531189F7461003A8C60 /* libminecraft.ioslaves.dylib */ = {isa = PBXFileReference; explicitFileType = "compiled.mach-o.dylib"; includeInIndex = 0; path = libminecraft.ioslaves.dylib; sourceTree = BUILT_PRODUCTS_DIR; };
		AA99F1B0184C65DD00BB6836 /* ioslavesd */ = {isa = PBXFileReference; explicitFileType = "compiled.mach-o.executable"; includeInIndex = 0; path = ioslavesd; sourceTree = BUILT_PRODUCTS_DIR; };
		AAB552F418F44E8C00DC3ED9 /* minecraft-master */ = {isa = PBXFileReference; explicitFileType = "compiled.mach-o.executable"; includeInIndex = 0; path = "minecraft-master"; sourceTree = BUILT_PRODUCTS_DIR; };
		AAB9CA501B6D97F30026AF8C /* arduino_comm.h */ = {isa = PBXFileReference; fileEncoding = 4; lastKnownFileType = sourcecode.c.h; name = arduino_comm.h; path = keystore/arduino_comm.h; sourceTree = "<group>"; };
		AAC0E9AE1B5D3D76007BA3B8 /* perms-tpl */ = {isa = PBXFileReference; lastKnownFileType = folder; path = "perms-tpl"; sourceTree = "<group>"; };
		AAC7F7A81861FEA600033009 /* ioslaves-master */ = {isa = PBXFileReference; explicitFileType = "compiled.mach-o.executable"; includeInIndex = 0; path = "ioslaves-master"; sourceTree = BUILT_PRODUCTS_DIR; };
		AAD214831AE971C50062A678 /* wake-gateway.dylib */ = {isa = PBXFileReference; explicitFileType = "compiled.mach-o.dylib"; includeInIndex = 0; path = "wake-gateway.dylib"; sourceTree = BUILT_PRODUCTS_DIR; };
		AADFEA661B63F53D00163432 /* keystore.hpp */ = {isa = PBXFileReference; fileEncoding = 4; lastKnownFileType = sourcecode.cpp.h; name = keystore.hpp; path = "common-master/keystore.hpp"; sourceTree = SOURCE_ROOT; };
		AADFEA701B64FCDE00163432 /* Makefile */ = {isa = PBXFileReference; lastKnownFileType = sourcecode.make; name = Makefile; path = "ioslavesd-wake-gateway/Makefile"; sourceTree = "<group>"; };
		AADFEA721B64FCE900163432 /* Makefile */ = {isa = PBXFileReference; lastKnownFileType = sourcecode.make; name = Makefile; path = "ioslavesd-xifnetdyndns/Makefile"; sourceTree = "<group>"; };
		AADFEA731B64FCF300163432 /* Makefile */ = {isa = PBXFileReference; lastKnownFileType = sourcecode.make; name = Makefile; path = "ioslavesd-minecraft/Makefile"; sourceTree = "<group>"; };
		AAF5EBAE1B63EF9100E445C3 /* arduino.cpp */ = {isa = PBXFileReference; fileEncoding = 4; lastKnownFileType = sourcecode.cpp.cpp; name = arduino.cpp; path = keystore/arduino.cpp; sourceTree = "<group>"; };
		AAF5EBB41B63F02400E445C3 /* libarduino.ioslmcext */ = {isa = PBXFileReference; explicitFileType = "compiled.mach-o.dylib"; includeInIndex = 0; path = libarduino.ioslmcext; sourceTree = BUILT_PRODUCTS_DIR; };
		AAF5EBB91B63F1F000E445C3 /* iosl_master_keystore.ino */ = {isa = PBXFileReference; lastKnownFileType = text; name = iosl_master_keystore.ino; path = keystore/iosl_master_keystore/iosl_master_keystore.ino; sourceTree = "<group>"; xcLanguageSpecificationIdentifier = xcode.lang.cpp; };
/* End PBXFileReference section */

/* Begin PBXFrameworksBuildPhase section */
		AA129CE81A90E83E009A2B42 /* Frameworks */ = {
			isa = PBXFrameworksBuildPhase;
			buildActionMask = 2147483647;
			files = (
			);
			runOnlyForDeploymentPostprocessing = 0;
		};
		AA7EEC46193C9221002AD7E4 /* Frameworks */ = {
			isa = PBXFrameworksBuildPhase;
			buildActionMask = 2147483647;
			files = (
			);
			runOnlyForDeploymentPostprocessing = 0;
		};
		AA90C52E189F7461003A8C60 /* Frameworks */ = {
			isa = PBXFrameworksBuildPhase;
			buildActionMask = 2147483647;
			files = (
			);
			runOnlyForDeploymentPostprocessing = 0;
		};
		AA99F1AD184C65DD00BB6836 /* Frameworks */ = {
			isa = PBXFrameworksBuildPhase;
			buildActionMask = 2147483647;
			files = (
			);
			runOnlyForDeploymentPostprocessing = 0;
		};
		AAB552F118F44E8C00DC3ED9 /* Frameworks */ = {
			isa = PBXFrameworksBuildPhase;
			buildActionMask = 2147483647;
			files = (
			);
			runOnlyForDeploymentPostprocessing = 0;
		};
		AAC7F7A51861FEA600033009 /* Frameworks */ = {
			isa = PBXFrameworksBuildPhase;
			buildActionMask = 2147483647;
			files = (
			);
			runOnlyForDeploymentPostprocessing = 0;
		};
		AAD214801AE971C50062A678 /* Frameworks */ = {
			isa = PBXFrameworksBuildPhase;
			buildActionMask = 2147483647;
			files = (
			);
			runOnlyForDeploymentPostprocessing = 0;
		};
		AAF5EBB11B63F02400E445C3 /* Frameworks */ = {
			isa = PBXFrameworksBuildPhase;
			buildActionMask = 2147483647;
			files = (
			);
			runOnlyForDeploymentPostprocessing = 0;
		};
/* End PBXFrameworksBuildPhase section */

/* Begin PBXGroup section */
		AA129CED1A90E83E009A2B42 /* ioslstatd */ = {
			isa = PBXGroup;
			children = (
				AA41B7551ADEC7EB00B369BE /* ioslstatd.cpp */,
				AA41B7561ADEC7EB00B369BE /* Makefile */,
				AA41B7571ADEC7EB00B369BE /* PKGBUILD */,
				AA129CEB1A90E83E009A2B42 /* ioslstatd */,
			);
			name = ioslstatd;
			path = ../ioslstatd;
			sourceTree = "<group>";
		};
		AA23087718F1CADA00AB9CD3 /* minecraft-master */ = {
			isa = PBXGroup;
			children = (
				AA41B76A1ADECB9B00B369BE /* minecraft-master.cpp */,
				AAB552F418F44E8C00DC3ED9 /* minecraft-master */,
				AA1045AC1B5D9A6700E8A875 /* Makefile */,
				AA2333971AE06F3C009433E3 /* PKGBUILD */,
				AA1045AA1B5D9A3C00E8A875 /* minecraft-master.key.tpl */,
			);
			name = "minecraft-master";
			sourceTree = "<group>";
		};
		AA7EEC43193C9193002AD7E4 /* XifNetDynDns */ = {
			isa = PBXGroup;
			children = (
				AA41B73E1ADEC32B00B369BE /* xifnetdyndns.cpp */,
				AA7EEC49193C9221002AD7E4 /* libxifnetdyndns.dylib */,
				AADFEA721B64FCE900163432 /* Makefile */,
				AA2333981AE06F4A009433E3 /* PKGBUILD */,
			);
			name = XifNetDynDns;
			sourceTree = "<group>";
		};
		AA90C52A189F73DE003A8C60 /* API Services */ = {
			isa = PBXGroup;
			children = (
				AA41B7351ADEC2FE00B369BE /* api.h */,
				AAA44D88189F8A7600FB480A /* Minecraft */,
				AA7EEC43193C9193002AD7E4 /* XifNetDynDns */,
				AAD2147D1AE970EE0062A678 /* Wake Gateway */,
			);
			name = "API Services";
			sourceTree = "<group>";
		};
		AA99F1A5184C65DD00BB6836 = {
			isa = PBXGroup;
			children = (
				AA6B99FC1AED9F1700146475 /* log.h */,
				AA3944021B70E37C00E43364 /* log_defimpl.h */,
				AA41B72C1ADEC2E200B369BE /* common.hpp */,
				AA41B72B1ADEC2E200B369BE /* common.cpp */,
				AAC7F7B31861FEB500033009 /* slave */,
				AAC7F7AA1861FEA600033009 /* master */,
				AA90C52A189F73DE003A8C60 /* API Services */,
			);
			sourceTree = "<group>";
		};
		AAA44D88189F8A7600FB480A /* Minecraft */ = {
			isa = PBXGroup;
			children = (
				AA1D3AD11ADECD9200E2C7F6 /* minecraft.h */,
				AA1D3AD41ADECDAF00E2C7F6 /* minecraft.cpp */,
				AA1D3AD21ADECDAF00E2C7F6 /* ftp-auth-mc.cpp */,
				AA90C531189F7461003A8C60 /* libminecraft.ioslaves.dylib */,
				AADFEA731B64FCF300163432 /* Makefile */,
				AA2333991AE06F65009433E3 /* PKGBUILD */,
			);
			name = Minecraft;
			sourceTree = "<group>";
		};
		AAC7F7AA1861FEA600033009 /* master */ = {
			isa = PBXGroup;
			children = (
				AA41B75C1ADECB1700B369BE /* master.hpp */,
				AA41B75A1ADECB1600B369BE /* dyn_slaves.cpp */,
				AADFEA661B63F53D00163432 /* keystore.hpp */,
				AA41B75B1ADECB1700B369BE /* master-impl.cpp */,
				AA41B75D1ADECB1700B369BE /* wol.cpp */,
				AAF5EBAC1B63EF3100E445C3 /* Keysore methods */,
				AA41B7651ADECB3900B369BE /* master.cpp */,
				AAC7F7A81861FEA600033009 /* ioslaves-master */,
				AA1045AD1B5D9A7F00E8A875 /* Makefile */,
				AA2333951AE06F31009433E3 /* PKGBUILD */,
				AAC0E9AE1B5D3D76007BA3B8 /* perms-tpl */,
				AA23087718F1CADA00AB9CD3 /* minecraft-master */,
				AA129CED1A90E83E009A2B42 /* ioslstatd */,
			);
			name = master;
			path = "ioslaves-master";
			sourceTree = "<group>";
		};
		AAC7F7B31861FEB500033009 /* slave */ = {
			isa = PBXGroup;
			children = (
				AA41B7441ADEC34500B369BE /* main.h */,
				AA41B7431ADEC34500B369BE /* log_slave.cpp */,
				AA41B7471ADEC34500B369BE /* slave.cpp */,
				AA4A44C81B57AADB005CBBDC /* keys.cpp */,
				AA41B74A1ADEC34500B369BE /* upnp.cpp */,
				AA41B7491ADEC34500B369BE /* status.cpp */,
				AA99F1B0184C65DD00BB6836 /* ioslavesd */,
				AA23339A1AE06F7A009433E3 /* PKGBUILD */,
			);
			name = slave;
			sourceTree = "<group>";
		};
		AAD2147D1AE970EE0062A678 /* Wake Gateway */ = {
			isa = PBXGroup;
			children = (
				AA2F82191AED6CE100DFBBDF /* wake-gateway.cpp */,
				AAD214831AE971C50062A678 /* wake-gateway.dylib */,
				AADFEA701B64FCDE00163432 /* Makefile */,
				AA182FD01AF425CC007F94BD /* PKGBUILD */,
			);
			name = "Wake Gateway";
			sourceTree = "<group>";
		};
		AAF5EBAC1B63EF3100E445C3 /* Keysore methods */ = {
			isa = PBXGroup;
			children = (
				AAB9CA501B6D97F30026AF8C /* arduino_comm.h */,
				AAF5EBB91B63F1F000E445C3 /* iosl_master_keystore.ino */,
				AAF5EBAE1B63EF9100E445C3 /* arduino.cpp */,
				AAF5EBB41B63F02400E445C3 /* libarduino.ioslmcext */,
			);
			name = "Keysore methods";
			sourceTree = "<group>";
		};
/* End PBXGroup section */

/* Begin PBXHeadersBuildPhase section */
		AA7EEC47193C9221002AD7E4 /* Headers */ = {
			isa = PBXHeadersBuildPhase;
			buildActionMask = 2147483647;
			files = (
				AA41B7341ADEC2E200B369BE /* common.hpp in Headers */,
				AA41B7391ADEC2FE00B369BE /* api.h in Headers */,
				AA6B99FE1AED9F1700146475 /* log.h in Headers */,
			);
			runOnlyForDeploymentPostprocessing = 0;
		};
		AA90C52F189F7461003A8C60 /* Headers */ = {
			isa = PBXHeadersBuildPhase;
			buildActionMask = 2147483647;
			files = (
				AA41B7331ADEC2E200B369BE /* common.hpp in Headers */,
				AA41B7381ADEC2FE00B369BE /* api.h in Headers */,
				AA6B99FD1AED9F1700146475 /* log.h in Headers */,
			);
			runOnlyForDeploymentPostprocessing = 0;
		};
		AAD214811AE971C50062A678 /* Headers */ = {
			isa = PBXHeadersBuildPhase;
			buildActionMask = 2147483647;
			files = (
				AA8397961AE97B22007FDF06 /* api.h in Headers */,
				AA6B99FF1AED9F1700146475 /* log.h in Headers */,
			);
			runOnlyForDeploymentPostprocessing = 0;
		};
		AAF5EBB21B63F02400E445C3 /* Headers */ = {
			isa = PBXHeadersBuildPhase;
			buildActionMask = 2147483647;
			files = (
				AADFEA671B63F53D00163432 /* keystore.hpp in Headers */,
				AAB9CA511B6D97F30026AF8C /* arduino_comm.h in Headers */,
			);
			runOnlyForDeploymentPostprocessing = 0;
		};
/* End PBXHeadersBuildPhase section */

/* Begin PBXNativeTarget section */
		AA129CEA1A90E83E009A2B42 /* ioslstatd */ = {
			isa = PBXNativeTarget;
			buildConfigurationList = AA129CF41A90E83E009A2B42 /* Build configuration list for PBXNativeTarget "ioslstatd" */;
			buildPhases = (
				AA129CE71A90E83E009A2B42 /* Sources */,
				AA129CE81A90E83E009A2B42 /* Frameworks */,
			);
			buildRules = (
			);
			dependencies = (
			);
			name = ioslstatd;
			productName = ioslstatd;
			productReference = AA129CEB1A90E83E009A2B42 /* ioslstatd */;
			productType = "com.apple.product-type.tool";
		};
		AA7EEC48193C9221002AD7E4 /* xifnetdyndns */ = {
			isa = PBXNativeTarget;
			buildConfigurationList = AA7EEC4A193C9221002AD7E4 /* Build configuration list for PBXNativeTarget "xifnetdyndns" */;
			buildPhases = (
				AA7EEC45193C9221002AD7E4 /* Sources */,
				AA7EEC46193C9221002AD7E4 /* Frameworks */,
				AA7EEC47193C9221002AD7E4 /* Headers */,
			);
			buildRules = (
			);
			dependencies = (
			);
			name = xifnetdyndns;
			productName = xifnetdyndns;
			productReference = AA7EEC49193C9221002AD7E4 /* libxifnetdyndns.dylib */;
			productType = "com.apple.product-type.library.dynamic";
		};
		AA90C530189F7461003A8C60 /* minecraft.ioslaves */ = {
			isa = PBXNativeTarget;
			buildConfigurationList = AA90C532189F7461003A8C60 /* Build configuration list for PBXNativeTarget "minecraft.ioslaves" */;
			buildPhases = (
				AA90C52D189F7461003A8C60 /* Sources */,
				AA90C52E189F7461003A8C60 /* Frameworks */,
				AA90C52F189F7461003A8C60 /* Headers */,
			);
			buildRules = (
			);
			dependencies = (
			);
			name = minecraft.ioslaves;
			productName = minecraft.ioslaves;
			productReference = AA90C531189F7461003A8C60 /* libminecraft.ioslaves.dylib */;
			productType = "com.apple.product-type.library.dynamic";
		};
		AA99F1AF184C65DD00BB6836 /* ioslavesd */ = {
			isa = PBXNativeTarget;
			buildConfigurationList = AA99F1BA184C65DD00BB6836 /* Build configuration list for PBXNativeTarget "ioslavesd" */;
			buildPhases = (
				AA99F1AC184C65DD00BB6836 /* Sources */,
				AA99F1AD184C65DD00BB6836 /* Frameworks */,
			);
			buildRules = (
			);
			dependencies = (
			);
			name = ioslavesd;
			productName = ioslaves;
			productReference = AA99F1B0184C65DD00BB6836 /* ioslavesd */;
			productType = "com.apple.product-type.tool";
		};
		AAB552F318F44E8C00DC3ED9 /* minecraft-master */ = {
			isa = PBXNativeTarget;
			buildConfigurationList = AAB552FB18F44E8C00DC3ED9 /* Build configuration list for PBXNativeTarget "minecraft-master" */;
			buildPhases = (
				AAB552F018F44E8C00DC3ED9 /* Sources */,
				AAB552F118F44E8C00DC3ED9 /* Frameworks */,
			);
			buildRules = (
			);
			dependencies = (
			);
			name = "minecraft-master";
			productName = "minecraft-master";
			productReference = AAB552F418F44E8C00DC3ED9 /* minecraft-master */;
			productType = "com.apple.product-type.tool";
		};
		AAC7F7A71861FEA600033009 /* ioslaves-master */ = {
			isa = PBXNativeTarget;
			buildConfigurationList = AAC7F7B11861FEA600033009 /* Build configuration list for PBXNativeTarget "ioslaves-master" */;
			buildPhases = (
				AAC7F7A41861FEA600033009 /* Sources */,
				AAC7F7A51861FEA600033009 /* Frameworks */,
			);
			buildRules = (
			);
			dependencies = (
			);
			name = "ioslaves-master";
			productName = "ioslaves-master";
			productReference = AAC7F7A81861FEA600033009 /* ioslaves-master */;
			productType = "com.apple.product-type.tool";
		};
		AAD214821AE971C50062A678 /* wake-gateway */ = {
			isa = PBXNativeTarget;
			buildConfigurationList = AAD214841AE971C50062A678 /* Build configuration list for PBXNativeTarget "wake-gateway" */;
			buildPhases = (
				AAD2147F1AE971C50062A678 /* Sources */,
				AAD214801AE971C50062A678 /* Frameworks */,
				AAD214811AE971C50062A678 /* Headers */,
			);
			buildRules = (
			);
			dependencies = (
			);
			name = "wake-gateway";
			productName = "wake-gateway";
			productReference = AAD214831AE971C50062A678 /* wake-gateway.dylib */;
			productType = "com.apple.product-type.library.dynamic";
		};
		AAF5EBB31B63F02400E445C3 /* arduino.keystore */ = {
			isa = PBXNativeTarget;
			buildConfigurationList = AAF5EBB51B63F02400E445C3 /* Build configuration list for PBXNativeTarget "arduino.keystore" */;
			buildPhases = (
				AAF5EBB01B63F02400E445C3 /* Sources */,
				AAF5EBB11B63F02400E445C3 /* Frameworks */,
				AAF5EBB21B63F02400E445C3 /* Headers */,
			);
			buildRules = (
			);
			dependencies = (
			);
			name = arduino.keystore;
			productName = arduino.keystore;
			productReference = AAF5EBB41B63F02400E445C3 /* libarduino.ioslmcext */;
			productType = "com.apple.product-type.library.dynamic";
		};
/* End PBXNativeTarget section */

/* Begin PBXProject section */
		AA99F1A7184C65DD00BB6836 /* Project object */ = {
			isa = PBXProject;
			attributes = {
				LastUpgradeCheck = 0420;
			};
			buildConfigurationList = AA99F1AA184C65DD00BB6836 /* Build configuration list for PBXProject "ioslaves" */;
			compatibilityVersion = "Xcode 3.2";
			developmentRegion = English;
			hasScannedForEncodings = 0;
			knownRegions = (
				en,
			);
			mainGroup = AA99F1A5184C65DD00BB6836;
			productRefGroup = AA99F1A5184C65DD00BB6836;
			projectDirPath = "";
			projectRoot = "";
			targets = (
				AA99F1AF184C65DD00BB6836 /* ioslavesd */,
				AA90C530189F7461003A8C60 /* minecraft.ioslaves */,
				AAC7F7A71861FEA600033009 /* ioslaves-master */,
				AAB552F318F44E8C00DC3ED9 /* minecraft-master */,
				AA7EEC48193C9221002AD7E4 /* xifnetdyndns */,
				AA129CEA1A90E83E009A2B42 /* ioslstatd */,
				AAD214821AE971C50062A678 /* wake-gateway */,
				AAF5EBB31B63F02400E445C3 /* arduino.keystore */,
			);
		};
/* End PBXProject section */

/* Begin PBXSourcesBuildPhase section */
		AA129CE71A90E83E009A2B42 /* Sources */ = {
			isa = PBXSourcesBuildPhase;
			buildActionMask = 2147483647;
			files = (
				AA41B7321ADEC2E200B369BE /* common.cpp in Sources */,
				AA41B7581ADEC7EB00B369BE /* ioslstatd.cpp in Sources */,
				AA41B76E1ADECBE200B369BE /* master-impl.cpp in Sources */,
			);
			runOnlyForDeploymentPostprocessing = 0;
		};
		AA7EEC45193C9221002AD7E4 /* Sources */ = {
			isa = PBXSourcesBuildPhase;
			buildActionMask = 2147483647;
			files = (
				AA41B7311ADEC2E200B369BE /* common.cpp in Sources */,
				AA41B73F1ADEC32B00B369BE /* xifnetdyndns.cpp in Sources */,
			);
			runOnlyForDeploymentPostprocessing = 0;
		};
		AA90C52D189F7461003A8C60 /* Sources */ = {
			isa = PBXSourcesBuildPhase;
			buildActionMask = 2147483647;
			files = (
				AA41B72E1ADEC2E200B369BE /* common.cpp in Sources */,
				AA1D3AD71ADECDAF00E2C7F6 /* ftp-auth-mc.cpp in Sources */,
				AA1D3AD91ADECDAF00E2C7F6 /* minecraft.cpp in Sources */,
			);
			runOnlyForDeploymentPostprocessing = 0;
		};
		AA99F1AC184C65DD00BB6836 /* Sources */ = {
			isa = PBXSourcesBuildPhase;
			buildActionMask = 2147483647;
			files = (
				AA41B72D1ADEC2E200B369BE /* common.cpp in Sources */,
				AA41B74B1ADEC34500B369BE /* log_slave.cpp in Sources */,
				AA41B74D1ADEC34500B369BE /* slave.cpp in Sources */,
				AA41B74E1ADEC34500B369BE /* status.cpp in Sources */,
				AA41B74F1ADEC34500B369BE /* upnp.cpp in Sources */,
				AA1D3ACF1ADECD7600E2C7F6 /* master-impl.cpp in Sources */,
				AA4A44C91B57AADB005CBBDC /* keys.cpp in Sources */,
			);
			runOnlyForDeploymentPostprocessing = 0;
		};
		AAB552F018F44E8C00DC3ED9 /* Sources */ = {
			isa = PBXSourcesBuildPhase;
			buildActionMask = 2147483647;
			files = (
				AA41B7301ADEC2E200B369BE /* common.cpp in Sources */,
				AA41B75F1ADECB1700B369BE /* dyn_slaves.cpp in Sources */,
				AA41B7611ADECB1700B369BE /* master-impl.cpp in Sources */,
				AA41B7631ADECB1700B369BE /* wol.cpp in Sources */,
				AA41B76D1ADECB9B00B369BE /* minecraft-master.cpp in Sources */,
			);
			runOnlyForDeploymentPostprocessing = 0;
		};
		AAC7F7A41861FEA600033009 /* Sources */ = {
			isa = PBXSourcesBuildPhase;
			buildActionMask = 2147483647;
			files = (
				AA41B72F1ADEC2E200B369BE /* common.cpp in Sources */,
				AA41B75E1ADECB1700B369BE /* dyn_slaves.cpp in Sources */,
				AA41B7601ADECB1700B369BE /* master-impl.cpp in Sources */,
				AA41B7621ADECB1700B369BE /* wol.cpp in Sources */,
				AA41B7681ADECB3900B369BE /* master.cpp in Sources */,
			);
			runOnlyForDeploymentPostprocessing = 0;
		};
		AAD2147F1AE971C50062A678 /* Sources */ = {
			isa = PBXSourcesBuildPhase;
			buildActionMask = 2147483647;
			files = (
				AAD214891AE974E30062A678 /* wol.cpp in Sources */,
				AA8397921AE97AF4007FDF06 /* dyn_slaves.cpp in Sources */,
				AA8397941AE97AF9007FDF06 /* master-impl.cpp in Sources */,
				AA8397981AE97B3D007FDF06 /* common.cpp in Sources */,
				AA2F821A1AED6CE100DFBBDF /* wake-gateway.cpp in Sources */,
			);
			runOnlyForDeploymentPostprocessing = 0;
		};
		AAF5EBB01B63F02400E445C3 /* Sources */ = {
			isa = PBXSourcesBuildPhase;
			buildActionMask = 2147483647;
			files = (
				AAF5EBB81B63F03100E445C3 /* arduino.cpp in Sources */,
				AA3944011B703E1900E43364 /* common.cpp in Sources */,
			);
			runOnlyForDeploymentPostprocessing = 0;
		};
/* End PBXSourcesBuildPhase section */

/* Begin XCBuildConfiguration section */
		AA129CF21A90E83E009A2B42 /* Debug */ = {
			isa = XCBuildConfiguration;
			buildSettings = {
				GCC_PREPROCESSOR_DEFINITIONS = (
					IOSL_MASTER_IMPL_NO_AUTH,
					"$(inherited)",
				);
				HEADER_SEARCH_PATHS = (
					"$(inherited)",
					/usr/local/include/nopoll,
				);
				OTHER_LDFLAGS = (
					"$(inherited)",
					"-lnopoll",
					"-lldns",
				);
				PRODUCT_NAME = "$(TARGET_NAME)";
			};
			name = Debug;
		};
		AA7EEC4B193C9221002AD7E4 /* Debug */ = {
			isa = XCBuildConfiguration;
			buildSettings = {
				EXECUTABLE_PREFIX = lib;
				PRODUCT_NAME = "$(TARGET_NAME)";
			};
			name = Debug;
		};
		AA90C533189F7461003A8C60 /* Debug */ = {
			isa = XCBuildConfiguration;
			buildSettings = {
				EXECUTABLE_PREFIX = lib;
				GCC_PREPROCESSOR_DEFINITIONS = (
					"MINECRAFT_SRV_DIR=\"\\\"/var/ioslaves/minecraft\\\"\"",
					"$(inherited)",
				);
				OTHER_LDFLAGS = (
					"-lconfig++",
					"$(inherited)",
				);
				PRODUCT_NAME = "$(TARGET_NAME)";
			};
			name = Debug;
		};
		AA99F1B8184C65DD00BB6836 /* Debug */ = {
			isa = XCBuildConfiguration;
			buildSettings = {
				ALWAYS_SEARCH_USER_PATHS = NO;
				ARCHS = "$(NATIVE_ARCH_ACTUAL)";
				CLANG_CXX_LANGUAGE_STANDARD = "gnu++0x";
				CLANG_CXX_LIBRARY = "libstdc++";
				CLANG_WARN_IMPLICIT_SIGN_CONVERSION = NO;
				CLANG_WARN_SUSPICIOUS_IMPLICIT_CONVERSION = NO;
				COPY_PHASE_STRIP = NO;
				GCC_C_LANGUAGE_STANDARD = gnu99;
				GCC_DYNAMIC_NO_PIC = NO;
				GCC_ENABLE_OBJC_EXCEPTIONS = YES;
				GCC_OPTIMIZATION_LEVEL = 0;
				GCC_PREPROCESSOR_DEFINITIONS = (
					XIFNET,
					"DEBUG=1",
					"$(inherited)",
				);
				GCC_SYMBOLS_PRIVATE_EXTERN = NO;
				GCC_VERSION = com.apple.compilers.llvm.clang.1_0;
				GCC_WARN_64_TO_32_BIT_CONVERSION = YES;
				GCC_WARN_ABOUT_MISSING_PROTOTYPES = YES;
				GCC_WARN_ABOUT_RETURN_TYPE = YES;
				GCC_WARN_NON_VIRTUAL_DESTRUCTOR = YES;
				GCC_WARN_PEDANTIC = NO;
				GCC_WARN_SHADOW = NO;
				GCC_WARN_SIGN_COMPARE = YES;
				GCC_WARN_UNUSED_VARIABLE = YES;
				HEADER_SEARCH_PATHS = ../Libs;
				ONLY_ACTIVE_ARCH = YES;
				OTHER_LDFLAGS = (
					"-lsocketxx",
					"-lssl",
					"-lcrypto",
				);
				SDKROOT = "";
				WARNING_CFLAGS = "";
			};
			name = Debug;
		};
		AA99F1BB184C65DD00BB6836 /* Debug */ = {
			isa = XCBuildConfiguration;
			buildSettings = {
				GCC_PREPROCESSOR_DEFINITIONS = (
					"IOSLAVESD_VERSION=\\\"dev-osx\\\"",
					IOSLAVESD_NO_TOPP,
					"IOSLAVES_DIR=\"\\\"/var/ioslaves\\\"\"",
					IOSLAVED_FORCE_CREDS,
					"$(inherited)",
				);
				OTHER_LDFLAGS = (
					"$(inherited)",
					"-lminiupnpc",
					"-lconfig++",
					"-lldns",
				);
				PRODUCT_NAME = "$(TARGET_NAME)";
			};
			name = Debug;
		};
		AAB552FC18F44E8C00DC3ED9 /* Debug */ = {
			isa = XCBuildConfiguration;
			buildSettings = {
				GCC_PREPROCESSOR_DEFINITIONS = (
					IOSL_MASTER_KEYSTORE_EXT_METHODS,
					"$(inherited)",
				);
				HEADER_SEARCH_PATHS = (
					"$(inherited)",
					/usr/local/include/nopoll,
				);
				OTHER_LDFLAGS = (
					"-lconfig++",
					"-lldns",
					"$(inherited)",
					"-lnopoll",
				);
				PRODUCT_NAME = "$(TARGET_NAME)";
			};
			name = Debug;
		};
		AAC7F7AF1861FEA600033009 /* Debug */ = {
			isa = XCBuildConfiguration;
			buildSettings = {
				GCC_PREPROCESSOR_DEFINITIONS = (
					IOSL_MASTER_KEYSTORE_EXT_METHODS,
					"$(inherited)",
				);
				OTHER_LDFLAGS = (
					"-lldns",
					"-lconfig++",
					"$(inherited)",
				);
				PRODUCT_NAME = "$(TARGET_NAME)";
			};
			name = Debug;
		};
		AAD214851AE971C50062A678 /* Debug */ = {
			isa = XCBuildConfiguration;
			buildSettings = {
				OTHER_LDFLAGS = (
					"-lldns",
					"-lconfig++",
					"$(inherited)",
				);
				PRODUCT_NAME = "$(TARGET_NAME)";
			};
			name = Debug;
		};
		AAF5EBB61B63F02400E445C3 /* Debug */ = {
			isa = XCBuildConfiguration;
			buildSettings = {
				EXECUTABLE_EXTENSION = "";
				EXECUTABLE_PREFIX = lib;
				EXECUTABLE_SUFFIX = "";
				GCC_PREPROCESSOR_DEFINITIONS = (
					"IOSL_MASTER_KEYSTORE_ARDUINO_DEVICE_PATH_FILE=\"\\\"/var/ioslaves/master/arduino_device\\\"\"",
					"$(inherited)",
				);
				PRODUCT_NAME = arduino.ioslmcext;
			};
			name = Debug;
		};
/* End XCBuildConfiguration section */

/* Begin XCConfigurationList section */
		AA129CF41A90E83E009A2B42 /* Build configuration list for PBXNativeTarget "ioslstatd" */ = {
			isa = XCConfigurationList;
			buildConfigurations = (
				AA129CF21A90E83E009A2B42 /* Debug */,
			);
			defaultConfigurationIsVisible = 0;
			defaultConfigurationName = Debug;
		};
		AA7EEC4A193C9221002AD7E4 /* Build configuration list for PBXNativeTarget "xifnetdyndns" */ = {
			isa = XCConfigurationList;
			buildConfigurations = (
				AA7EEC4B193C9221002AD7E4 /* Debug */,
			);
			defaultConfigurationIsVisible = 0;
			defaultConfigurationName = Debug;
		};
		AA90C532189F7461003A8C60 /* Build configuration list for PBXNativeTarget "minecraft.ioslaves" */ = {
			isa = XCConfigurationList;
			buildConfigurations = (
				AA90C533189F7461003A8C60 /* Debug */,
			);
			defaultConfigurationIsVisible = 0;
			defaultConfigurationName = Debug;
		};
		AA99F1AA184C65DD00BB6836 /* Build configuration list for PBXProject "ioslaves" */ = {
			isa = XCConfigurationList;
			buildConfigurations = (
				AA99F1B8184C65DD00BB6836 /* Debug */,
			);
			defaultConfigurationIsVisible = 0;
			defaultConfigurationName = Debug;
		};
		AA99F1BA184C65DD00BB6836 /* Build configuration list for PBXNativeTarget "ioslavesd" */ = {
			isa = XCConfigurationList;
			buildConfigurations = (
				AA99F1BB184C65DD00BB6836 /* Debug */,
			);
			defaultConfigurationIsVisible = 0;
			defaultConfigurationName = Debug;
		};
		AAB552FB18F44E8C00DC3ED9 /* Build configuration list for PBXNativeTarget "minecraft-master" */ = {
			isa = XCConfigurationList;
			buildConfigurations = (
				AAB552FC18F44E8C00DC3ED9 /* Debug */,
			);
			defaultConfigurationIsVisible = 0;
			defaultConfigurationName = Debug;
		};
		AAC7F7B11861FEA600033009 /* Build configuration list for PBXNativeTarget "ioslaves-master" */ = {
			isa = XCConfigurationList;
			buildConfigurations = (
				AAC7F7AF1861FEA600033009 /* Debug */,
			);
			defaultConfigurationIsVisible = 0;
			defaultConfigurationName = Debug;
		};
		AAD214841AE971C50062A678 /* Build configuration list for PBXNativeTarget "wake-gateway" */ = {
			isa = XCConfigurationList;
			buildConfigurations = (
				AAD214851AE971C50062A678 /* Debug */,
			);
			defaultConfigurationIsVisible = 0;
			defaultConfigurationName = Debug;
		};
		AAF5EBB51B63F02400E445C3 /* Build configuration list for PBXNativeTarget "arduino.keystore" */ = {
			isa = XCConfigurationList;
			buildConfigurations = (
				AAF5EBB61B63F02400E445C3 /* Debug */,
			);
			defaultConfigurationIsVisible = 0;
			defaultConfigurationName = Debug;
		};
/* End XCConfigurationList section */
	};
	rootObject = AA99F1A7184C65DD00BB6836 /* Project object */;
}
